
Microsoft Visual Studio Solution File, Format Version 12.00
# Visual Studio Version 17
VisualStudioVersion = 17.3.32929.385
MinimumVisualStudioVersion = 10.0.40219.1
Project("{FAE04EC0-301F-11D3-BF4B-00C04F79EFBC}") = "ConsoleApp1", "ConsoleApp1\ConsoleApp1.csproj", "{65792826-39BB-416F-B316-0DE60EAFE54B}"
EndProject
Global
	GlobalSection(SolutionConfigurationPlatforms) = preSolution
		Debug|Any CPU = Debug|Any CPU
		Release|Any CPU = Release|Any CPU
	EndGlobalSection
	GlobalSection(ProjectConfigurationPlatforms) = postSolution
		{65792826-39BB-416F-B316-0DE60EAFE54B}.Debug|Any CPU.ActiveCfg = Debug|Any CPU
		{65792826-39BB-416F-B316-0DE60EAFE54B}.Debug|Any CPU.Build.0 = Debug|Any CPU
		{65792826-39BB-416F-B316-0DE60EAFE54B}.Release|Any CPU.ActiveCfg = Release|Any CPU
		{65792826-39BB-416F-B316-0DE60EAFE54B}.Release|Any CPU.Build.0 = Release|Any CPU
	EndGlobalSection
	GlobalSection(SolutionProperties) = preSolution
		HideSolutionNode = FALSE
	EndGlobalSection
	GlobalSection(ExtensibilityGlobals) = postSolution
		SolutionGuid = {02166C6F-E24F-4E03-9C9E-F66F72C1FC28}
	EndGlobalSection
EndGlobal
