
Microsoft Visual Studio Solution File, Format Version 12.00
# Visual Studio Version 17
VisualStudioVersion = 17.3.32929.385
MinimumVisualStudioVersion = 10.0.40219.1
Project("{FAE04EC0-301F-11D3-BF4B-00C04F79EFBC}") = "TEXTRPG", "TEXTRPG\TEXTRPG.csproj", "{EC09A274-A160-42C6-B413-D3FB8094B752}"
EndProject
Global
	GlobalSection(SolutionConfigurationPlatforms) = preSolution
		Debug|Any CPU = Debug|Any CPU
		Release|Any CPU = Release|Any CPU
	EndGlobalSection
	GlobalSection(ProjectConfigurationPlatforms) = postSolution
		{EC09A274-A160-42C6-B413-D3FB8094B752}.Debug|Any CPU.ActiveCfg = Debug|Any CPU
		{EC09A274-A160-42C6-B413-D3FB8094B752}.Debug|Any CPU.Build.0 = Debug|Any CPU
		{EC09A274-A160-42C6-B413-D3FB8094B752}.Release|Any CPU.ActiveCfg = Release|Any CPU
		{EC09A274-A160-42C6-B413-D3FB8094B752}.Release|Any CPU.Build.0 = Release|Any CPU
	EndGlobalSection
	GlobalSection(SolutionProperties) = preSolution
		HideSolutionNode = FALSE
	EndGlobalSection
	GlobalSection(ExtensibilityGlobals) = postSolution
		SolutionGuid = {89D154FC-8F72-4E3D-AD8E-BBEAFD3B218A}
	EndGlobalSection
EndGlobal
